
Microsoft Visual Studio Solution File, Format Version 12.00
# Visual Studio 2013
VisualStudioVersion = 12.0.31101.0
MinimumVisualStudioVersion = 10.0.40219.1
Project("{8BC9CEB8-8B4A-11D0-8D11-00A0C91BC942}") = "gtest", "gtest.vcxproj", "{6B1588D1-4F2A-47F9-A2D0-2DF546F36A4E}"
EndProject
Project("{8BC9CEB8-8B4A-11D0-8D11-00A0C91BC942}") = "yahtzee", "yahtzee.vcxproj", "{09CD189F-2A39-4D1E-A636-FD2F20064006}"
EndProject
Project("{8BC9CEB8-8B4A-11D0-8D11-00A0C91BC942}") = "yahtzee_test", "yahtzee_test.vcxproj", "{FF71B202-CCE9-4B23-A4F8-0B97C6066E3A}"
	ProjectSection(ProjectDependencies) = postProject
		{6B1588D1-4F2A-47F9-A2D0-2DF546F36A4E} = {6B1588D1-4F2A-47F9-A2D0-2DF546F36A4E}
	EndProjectSection
EndProject
Global
	GlobalSection(SolutionConfigurationPlatforms) = preSolution
		Debug|Win32 = Debug|Win32
		Release|Win32 = Release|Win32
	EndGlobalSection
	GlobalSection(ProjectConfigurationPlatforms) = postSolution
		{6B1588D1-4F2A-47F9-A2D0-2DF546F36A4E}.Debug|Win32.ActiveCfg = Debug|Win32
		{6B1588D1-4F2A-47F9-A2D0-2DF546F36A4E}.Debug|Win32.Build.0 = Debug|Win32
		{6B1588D1-4F2A-47F9-A2D0-2DF546F36A4E}.Release|Win32.ActiveCfg = Release|Win32
		{6B1588D1-4F2A-47F9-A2D0-2DF546F36A4E}.Release|Win32.Build.0 = Release|Win32
		{09CD189F-2A39-4D1E-A636-FD2F20064006}.Debug|Win32.ActiveCfg = Debug|Win32
		{09CD189F-2A39-4D1E-A636-FD2F20064006}.Debug|Win32.Build.0 = Debug|Win32
		{09CD189F-2A39-4D1E-A636-FD2F20064006}.Release|Win32.ActiveCfg = Release|Win32
		{09CD189F-2A39-4D1E-A636-FD2F20064006}.Release|Win32.Build.0 = Release|Win32
		{FF71B202-CCE9-4B23-A4F8-0B97C6066E3A}.Debug|Win32.ActiveCfg = Debug|Win32
		{FF71B202-CCE9-4B23-A4F8-0B97C6066E3A}.Debug|Win32.Build.0 = Debug|Win32
		{FF71B202-CCE9-4B23-A4F8-0B97C6066E3A}.Release|Win32.ActiveCfg = Release|Win32
		{FF71B202-CCE9-4B23-A4F8-0B97C6066E3A}.Release|Win32.Build.0 = Release|Win32
	EndGlobalSection
	GlobalSection(SolutionProperties) = preSolution
		HideSolutionNode = FALSE
	EndGlobalSection
EndGlobal
